# THIS IS AN AUTOGENERATED FILE. DO NOT EDIT THIS FILE DIRECTLY.
# yarn lockfile v1


"@kylebarron/snap-to-tin@^0.2.1":
  version "0.2.1"
  resolved "https://registry.yarnpkg.com/@kylebarron/snap-to-tin/-/snap-to-tin-0.2.1.tgz#46b37a98aa5dafe1ccc8582f090b7be4422e6309"
  integrity sha512-ZGltgiu8zSIzKG/lfQDvaFWVQkea0ej4lSD0V82PKN9ETQ+VBENIlxkbpMx3aSX/T1ZUbSuwLLSj/2wdi+RSMw==
  dependencies:
    "@types/flatbush" "^3.1.0"
    flatbush "^3.2.0"
    lineclip "^1.1.5"
    lodash.orderby "^4.6.0"

"@types/flatbush@^3.1.0":
  version "3.3.0"
  resolved "https://registry.yarnpkg.com/@types/flatbush/-/flatbush-3.3.0.tgz#bd0ecc24e202ff095e3344bf48486e272e61e406"
  integrity sha512-fSPSZ1d5v3DaAmWhuoFSCeaFA7JHdtcvF5F2Pdo0cAdrV4aRl9tCcKl1BuV7/QYWLN/vyefPGrsUHMGGtq6ASQ==

earcut@^3.0.0:
  version "3.0.0"
  resolved "https://registry.yarnpkg.com/earcut/-/earcut-3.0.0.tgz#a8d5bf891224eaea8287201b5e787c6c0318af89"
  integrity sha512-41Fs7Q/PLq1SDbqjsgcY7GA42T0jvaCNGXgGtsNdvg+Yv8eIu06bxv4/PoREkZ9nMDNwnUSG9OFB9+yv8eKhDg==

flatbush@^3.2.0:
  version "3.3.1"
  resolved "https://registry.yarnpkg.com/flatbush/-/flatbush-3.3.1.tgz#2ba10dfe4069ef142b8692a0c19982cf0ebabce0"
  integrity sha512-oKuPbtT+DS2CxH+9Vhbsq8HifmSCuOw+3Cy5zt/vCIrZl5KyengoTHDBLmtpZoBhcwa7/biNjgL1DwdLMJYm1A==
  dependencies:
    flatqueue "^1.2.1"

flatqueue@^1.2.1:
  version "1.2.1"
  resolved "https://registry.yarnpkg.com/flatqueue/-/flatqueue-1.2.1.tgz#82f501758fc5925742fbeb478637230456157ef2"
  integrity sha512-X86TpWS1rGuY7m382HuA9vngLeDuWA9lJvhEG+GfgKMV5onSvx5a71cl7GMbXzhWtlN9dGfqOBrpfqeOtUfGYQ==

lineclip@^1.1.5:
  version "1.1.5"
  resolved "https://registry.yarnpkg.com/lineclip/-/lineclip-1.1.5.tgz#2bf26067d94354feabf91e42768236db5616fd13"
  integrity sha512-KlA/wRSjpKl7tS9iRUdlG72oQ7qZ1IlVbVgHwoO10TBR/4gQ86uhKow6nlzMAJJhjCWKto8OeoAzzIzKSmN25A==

lodash.orderby@^4.6.0:
  version "4.6.0"
  resolved "https://registry.yarnpkg.com/lodash.orderby/-/lodash.orderby-4.6.0.tgz#e697f04ce5d78522f54d9338b32b81a3393e4eb3"
  integrity sha512-T0rZxKmghOOf5YPnn8EY5iLYeWCpZq8G41FfqoVHH5QDTAFaghJRmAdLiadEDq+ztgM2q5PjA+Z1fOwGrLgmtg==
